
Microsoft Visual Studio Solution File, Format Version 12.00
# Visual Studio 14
VisualStudioVersion = 14.0.23107.0
MinimumVisualStudioVersion = 10.0.40219.1
Project("{FAE04EC0-301F-11D3-BF4B-00C04F79EFBC}") = "Gosu_Shen", "Gosu_Shen\Gosu_Shen.csproj", "{CD353A29-24C8-40AF-BF11-D3EEC37E4961}"
EndProject
Global
	GlobalSection(SolutionConfigurationPlatforms) = preSolution
		Debug|Any CPU = Debug|Any CPU
		Release|Any CPU = Release|Any CPU
	EndGlobalSection
	GlobalSection(ProjectConfigurationPlatforms) = postSolution
		{CD353A29-24C8-40AF-BF11-D3EEC37E4961}.Debug|Any CPU.ActiveCfg = Debug|Any CPU
		{CD353A29-24C8-40AF-BF11-D3EEC37E4961}.Debug|Any CPU.Build.0 = Debug|Any CPU
		{CD353A29-24C8-40AF-BF11-D3EEC37E4961}.Release|Any CPU.ActiveCfg = Release|Any CPU
		{CD353A29-24C8-40AF-BF11-D3EEC37E4961}.Release|Any CPU.Build.0 = Release|Any CPU
	EndGlobalSection
	GlobalSection(SolutionProperties) = preSolution
		HideSolutionNode = FALSE
	EndGlobalSection
EndGlobal
